// !$*UTF8*$!
{
	archiveVersion = 1;
	classes = {
	};
	objectVersion = 46;
	objects = {

/* Begin PBXBuildFile section */
		6C0E2DB817CE369400D18105 /* MYViewController.m in Sources */ = {isa = PBXBuildFile; fileRef = 6C0E2DB717CE369300D18105 /* MYViewController.m */; };
		F02BB21516E847B400E3D502 /* UIKit.framework in Frameworks */ = {isa = PBXBuildFile; fileRef = F02BB21416E847B400E3D502 /* UIKit.framework */; };
		F02BB21716E847B400E3D502 /* Foundation.framework in Frameworks */ = {isa = PBXBuildFile; fileRef = F02BB21616E847B400E3D502 /* Foundation.framework */; };
		F02BB21916E847B400E3D502 /* CoreGraphics.framework in Frameworks */ = {isa = PBXBuildFile; fileRef = F02BB21816E847B400E3D502 /* CoreGraphics.framework */; };
		F02BB21F16E847B400E3D502 /* InfoPlist.strings in Resources */ = {isa = PBXBuildFile; fileRef = F02BB21D16E847B400E3D502 /* InfoPlist.strings */; };
		F02BB22116E847B400E3D502 /* main.m in Sources */ = {isa = PBXBuildFile; fileRef = F02BB22016E847B400E3D502 /* main.m */; };
		F02BB22516E847B400E3D502 /* MYAppDelegate.m in Sources */ = {isa = PBXBuildFile; fileRef = F02BB22416E847B400E3D502 /* MYAppDelegate.m */; };
		F02BB22716E847B400E3D502 /* Default.png in Resources */ = {isa = PBXBuildFile; fileRef = F02BB22616E847B400E3D502 /* Default.png */; };
		F02BB22916E847B400E3D502 /* Default@2x.png in Resources */ = {isa = PBXBuildFile; fileRef = F02BB22816E847B400E3D502 /* Default@2x.png */; };
		F02BB22B16E847B400E3D502 /* Default-568h@2x.png in Resources */ = {isa = PBXBuildFile; fileRef = F02BB22A16E847B400E3D502 /* Default-568h@2x.png */; };
		F02BB23116E847B400E3D502 /* MYViewController.xib in Resources */ = {isa = PBXBuildFile; fileRef = F02BB22F16E847B400E3D502 /* MYViewController.xib */; };
		F02BB23916E847D600E3D502 /* MYIntroductionView.m in Sources */ = {isa = PBXBuildFile; fileRef = F02BB23816E847D600E3D502 /* MYIntroductionView.m */; };
		F02BB24116E8576100E3D502 /* MYIntroductionPanel.m in Sources */ = {isa = PBXBuildFile; fileRef = F02BB24016E8576100E3D502 /* MYIntroductionPanel.m */; };
		F02BB24816E961B300E3D502 /* QuartzCore.framework in Frameworks */ = {isa = PBXBuildFile; fileRef = F02BB24716E961B300E3D502 /* QuartzCore.framework */; };
		F02BB25A16E9991F00E3D502 /* SampleHeaderImage.png in Resources */ = {isa = PBXBuildFile; fileRef = F02BB25916E9991F00E3D502 /* SampleHeaderImage.png */; };
		F02BB26816E9A67C00E3D502 /* SampleBackground.png in Resources */ = {isa = PBXBuildFile; fileRef = F02BB26716E9A67C00E3D502 /* SampleBackground.png */; };
		F0558C4716EEBEF100B8BFA3 /* SampleImage1.png in Resources */ = {isa = PBXBuildFile; fileRef = F0558C4616EEBEF100B8BFA3 /* SampleImage1.png */; };
		F0558C4916EEC0D400B8BFA3 /* SampleImage2.png in Resources */ = {isa = PBXBuildFile; fileRef = F0558C4816EEC0D400B8BFA3 /* SampleImage2.png */; };
/* End PBXBuildFile section */

/* Begin PBXFileReference section */
		6C0E2DB717CE369300D18105 /* MYViewController.m */ = {isa = PBXFileReference; fileEncoding = 4; lastKnownFileType = sourcecode.c.objc; path = MYViewController.m; sourceTree = "<group>"; };
		F02BB21116E847B400E3D502 /* IntroductionExample.app */ = {isa = PBXFileReference; explicitFileType = wrapper.application; includeInIndex = 0; path = IntroductionExample.app; sourceTree = BUILT_PRODUCTS_DIR; };
		F02BB21416E847B400E3D502 /* UIKit.framework */ = {isa = PBXFileReference; lastKnownFileType = wrapper.framework; name = UIKit.framework; path = System/Library/Frameworks/UIKit.framework; sourceTree = SDKROOT; };
		F02BB21616E847B400E3D502 /* Foundation.framework */ = {isa = PBXFileReference; lastKnownFileType = wrapper.framework; name = Foundation.framework; path = System/Library/Frameworks/Foundation.framework; sourceTree = SDKROOT; };
		F02BB21816E847B400E3D502 /* CoreGraphics.framework */ = {isa = PBXFileReference; lastKnownFileType = wrapper.framework; name = CoreGraphics.framework; path = System/Library/Frameworks/CoreGraphics.framework; sourceTree = SDKROOT; };
		F02BB21C16E847B400E3D502 /* IntroductionExample-Info.plist */ = {isa = PBXFileReference; lastKnownFileType = text.plist.xml; path = "IntroductionExample-Info.plist"; sourceTree = "<group>"; };
		F02BB21E16E847B400E3D502 /* en */ = {isa = PBXFileReference; lastKnownFileType = text.plist.strings; name = en; path = en.lproj/InfoPlist.strings; sourceTree = "<group>"; };
		F02BB22016E847B400E3D502 /* main.m */ = {isa = PBXFileReference; lastKnownFileType = sourcecode.c.objc; path = main.m; sourceTree = "<group>"; };
		F02BB22216E847B400E3D502 /* IntroductionExample-Prefix.pch */ = {isa = PBXFileReference; lastKnownFileType = sourcecode.c.h; path = "IntroductionExample-Prefix.pch"; sourceTree = "<group>"; };
		F02BB22316E847B400E3D502 /* MYAppDelegate.h */ = {isa = PBXFileReference; lastKnownFileType = sourcecode.c.h; path = MYAppDelegate.h; sourceTree = "<group>"; };
		F02BB22416E847B400E3D502 /* MYAppDelegate.m */ = {isa = PBXFileReference; lastKnownFileType = sourcecode.c.objc; path = MYAppDelegate.m; sourceTree = "<group>"; };
		F02BB22616E847B400E3D502 /* Default.png */ = {isa = PBXFileReference; lastKnownFileType = image.png; path = Default.png; sourceTree = "<group>"; };
		F02BB22816E847B400E3D502 /* Default@2x.png */ = {isa = PBXFileReference; lastKnownFileType = image.png; path = "Default@2x.png"; sourceTree = "<group>"; };
		F02BB22A16E847B400E3D502 /* Default-568h@2x.png */ = {isa = PBXFileReference; lastKnownFileType = image.png; path = "Default-568h@2x.png"; sourceTree = "<group>"; };
		F02BB22C16E847B400E3D502 /* MYViewController.h */ = {isa = PBXFileReference; lastKnownFileType = sourcecode.c.h; path = MYViewController.h; sourceTree = "<group>"; };
		F02BB23016E847B400E3D502 /* en */ = {isa = PBXFileReference; lastKnownFileType = file.xib; name = en; path = en.lproj/MYViewController.xib; sourceTree = "<group>"; };
		F02BB23716E847D600E3D502 /* MYIntroductionView.h */ = {isa = PBXFileReference; fileEncoding = 4; lastKnownFileType = sourcecode.c.h; path = MYIntroductionView.h; sourceTree = "<group>"; };
		F02BB23816E847D600E3D502 /* MYIntroductionView.m */ = {isa = PBXFileReference; fileEncoding = 4; lastKnownFileType = sourcecode.c.objc; path = MYIntroductionView.m; sourceTree = "<group>"; };
		F02BB23F16E8576100E3D502 /* MYIntroductionPanel.h */ = {isa = PBXFileReference; fileEncoding = 4; lastKnownFileType = sourcecode.c.h; path = MYIntroductionPanel.h; sourceTree = "<group>"; };
		F02BB24016E8576100E3D502 /* MYIntroductionPanel.m */ = {isa = PBXFileReference; fileEncoding = 4; lastKnownFileType = sourcecode.c.objc; path = MYIntroductionPanel.m; sourceTree = "<group>"; };
		F02BB24716E961B300E3D502 /* QuartzCore.framework */ = {isa = PBXFileReference; lastKnownFileType = wrapper.framework; name = QuartzCore.framework; path = System/Library/Frameworks/QuartzCore.framework; sourceTree = SDKROOT; };
		F02BB25916E9991F00E3D502 /* SampleHeaderImage.png */ = {isa = PBXFileReference; lastKnownFileType = image.png; path = SampleHeaderImage.png; sourceTree = "<group>"; };
		F02BB26716E9A67C00E3D502 /* SampleBackground.png */ = {isa = PBXFileReference; lastKnownFileType = image.png; path = SampleBackground.png; sourceTree = "<group>"; };
		F0558C4616EEBEF100B8BFA3 /* SampleImage1.png */ = {isa = PBXFileReference; lastKnownFileType = image.png; path = SampleImage1.png; sourceTree = "<group>"; };
		F0558C4816EEC0D400B8BFA3 /* SampleImage2.png */ = {isa = PBXFileReference; lastKnownFileType = image.png; path = SampleImage2.png; sourceTree = "<group>"; };
/* End PBXFileReference section */

/* Begin PBXFrameworksBuildPhase section */
		F02BB20E16E847B400E3D502 /* Frameworks */ = {
			isa = PBXFrameworksBuildPhase;
			buildActionMask = 2147483647;
			files = (
				F02BB24816E961B300E3D502 /* QuartzCore.framework in Frameworks */,
				F02BB21516E847B400E3D502 /* UIKit.framework in Frameworks */,
				F02BB21716E847B400E3D502 /* Foundation.framework in Frameworks */,
				F02BB21916E847B400E3D502 /* CoreGraphics.framework in Frameworks */,
			);
			runOnlyForDeploymentPostprocessing = 0;
		};
/* End PBXFrameworksBuildPhase section */

/* Begin PBXGroup section */
		F02BB20816E847B400E3D502 = {
			isa = PBXGroup;
			children = (
				F02BB21A16E847B400E3D502 /* IntroductionExample */,
				F02BB21316E847B400E3D502 /* Frameworks */,
				F02BB21216E847B400E3D502 /* Products */,
			);
			sourceTree = "<group>";
		};
		F02BB21216E847B400E3D502 /* Products */ = {
			isa = PBXGroup;
			children = (
				F02BB21116E847B400E3D502 /* IntroductionExample.app */,
			);
			name = Products;
			sourceTree = "<group>";
		};
		F02BB21316E847B400E3D502 /* Frameworks */ = {
			isa = PBXGroup;
			children = (
				F02BB24716E961B300E3D502 /* QuartzCore.framework */,
				F02BB21416E847B400E3D502 /* UIKit.framework */,
				F02BB21616E847B400E3D502 /* Foundation.framework */,
				F02BB21816E847B400E3D502 /* CoreGraphics.framework */,
			);
			name = Frameworks;
			sourceTree = "<group>";
		};
		F02BB21A16E847B400E3D502 /* IntroductionExample */ = {
			isa = PBXGroup;
			children = (
				F02BB22316E847B400E3D502 /* MYAppDelegate.h */,
				F02BB22416E847B400E3D502 /* MYAppDelegate.m */,
				F02BB22C16E847B400E3D502 /* MYViewController.h */,
				6C0E2DB717CE369300D18105 /* MYViewController.m */,
				F02BB22F16E847B400E3D502 /* MYViewController.xib */,
				F02BB24216E90F6A00E3D502 /* MYIntroductionView */,
				F02BB21B16E847B400E3D502 /* Supporting Files */,
			);
			path = IntroductionExample;
			sourceTree = "<group>";
		};
		F02BB21B16E847B400E3D502 /* Supporting Files */ = {
			isa = PBXGroup;
			children = (
				F0558C4616EEBEF100B8BFA3 /* SampleImage1.png */,
				F0558C4816EEC0D400B8BFA3 /* SampleImage2.png */,
				F02BB25916E9991F00E3D502 /* SampleHeaderImage.png */,
				F02BB26716E9A67C00E3D502 /* SampleBackground.png */,
				F02BB21C16E847B400E3D502 /* IntroductionExample-Info.plist */,
				F02BB21D16E847B400E3D502 /* InfoPlist.strings */,
				F02BB22016E847B400E3D502 /* main.m */,
				F02BB22216E847B400E3D502 /* IntroductionExample-Prefix.pch */,
				F02BB22616E847B400E3D502 /* Default.png */,
				F02BB22816E847B400E3D502 /* Default@2x.png */,
				F02BB22A16E847B400E3D502 /* Default-568h@2x.png */,
			);
			name = "Supporting Files";
			sourceTree = "<group>";
		};
		F02BB24216E90F6A00E3D502 /* MYIntroductionView */ = {
			isa = PBXGroup;
			children = (
				F02BB23716E847D600E3D502 /* MYIntroductionView.h */,
				F02BB23816E847D600E3D502 /* MYIntroductionView.m */,
				F02BB23F16E8576100E3D502 /* MYIntroductionPanel.h */,
				F02BB24016E8576100E3D502 /* MYIntroductionPanel.m */,
			);
			name = MYIntroductionView;
			sourceTree = "<group>";
		};
/* End PBXGroup section */

/* Begin PBXNativeTarget section */
		F02BB21016E847B400E3D502 /* IntroductionExample */ = {
			isa = PBXNativeTarget;
			buildConfigurationList = F02BB23416E847B400E3D502 /* Build configuration list for PBXNativeTarget "IntroductionExample" */;
			buildPhases = (
				F02BB20D16E847B400E3D502 /* Sources */,
				F02BB20E16E847B400E3D502 /* Frameworks */,
				F02BB20F16E847B400E3D502 /* Resources */,
			);
			buildRules = (
			);
			dependencies = (
			);
			name = IntroductionExample;
			productName = IntroductionExample;
			productReference = F02BB21116E847B400E3D502 /* IntroductionExample.app */;
			productType = "com.apple.product-type.application";
		};
/* End PBXNativeTarget section */

/* Begin PBXProject section */
		F02BB20916E847B400E3D502 /* Project object */ = {
			isa = PBXProject;
			attributes = {
				CLASSPREFIX = MY;
				LastUpgradeCheck = 0460;
				ORGANIZATIONNAME = "Matthew York";
			};
			buildConfigurationList = F02BB20C16E847B400E3D502 /* Build configuration list for PBXProject "IntroductionExample" */;
			compatibilityVersion = "Xcode 3.2";
			developmentRegion = English;
			hasScannedForEncodings = 0;
			knownRegions = (
				en,
			);
			mainGroup = F02BB20816E847B400E3D502;
			productRefGroup = F02BB21216E847B400E3D502 /* Products */;
			projectDirPath = "";
			projectRoot = "";
			targets = (
				F02BB21016E847B400E3D502 /* IntroductionExample */,
			);
		};
/* End PBXProject section */

/* Begin PBXResourcesBuildPhase section */
		F02BB20F16E847B400E3D502 /* Resources */ = {
			isa = PBXResourcesBuildPhase;
			buildActionMask = 2147483647;
			files = (
				F02BB21F16E847B400E3D502 /* InfoPlist.strings in Resources */,
				F02BB22716E847B400E3D502 /* Default.png in Resources */,
				F02BB22916E847B400E3D502 /* Default@2x.png in Resources */,
				F02BB22B16E847B400E3D502 /* Default-568h@2x.png in Resources */,
				F02BB23116E847B400E3D502 /* MYViewController.xib in Resources */,
				F02BB25A16E9991F00E3D502 /* SampleHeaderImage.png in Resources */,
				F02BB26816E9A67C00E3D502 /* SampleBackground.png in Resources */,
				F0558C4716EEBEF100B8BFA3 /* SampleImage1.png in Resources */,
				F0558C4916EEC0D400B8BFA3 /* SampleImage2.png in Resources */,
			);
			runOnlyForDeploymentPostprocessing = 0;
		};
/* End PBXResourcesBuildPhase section */

/* Begin PBXSourcesBuildPhase section */
		F02BB20D16E847B400E3D502 /* Sources */ = {
			isa = PBXSourcesBuildPhase;
			buildActionMask = 2147483647;
			files = (
				F02BB22116E847B400E3D502 /* main.m in Sources */,
				F02BB22516E847B400E3D502 /* MYAppDelegate.m in Sources */,
				F02BB23916E847D600E3D502 /* MYIntroductionView.m in Sources */,
				F02BB24116E8576100E3D502 /* MYIntroductionPanel.m in Sources */,
				6C0E2DB817CE369400D18105 /* MYViewController.m in Sources */,
			);
			runOnlyForDeploymentPostprocessing = 0;
		};
/* End PBXSourcesBuildPhase section */

/* Begin PBXVariantGroup section */
		F02BB21D16E847B400E3D502 /* InfoPlist.strings */ = {
			isa = PBXVariantGroup;
			children = (
				F02BB21E16E847B400E3D502 /* en */,
			);
			name = InfoPlist.strings;
			sourceTree = "<group>";
		};
		F02BB22F16E847B400E3D502 /* MYViewController.xib */ = {
			isa = PBXVariantGroup;
			children = (
				F02BB23016E847B400E3D502 /* en */,
			);
			name = MYViewController.xib;
			sourceTree = "<group>";
		};
/* End PBXVariantGroup section */

/* Begin XCBuildConfiguration section */
		F02BB23216E847B400E3D502 /* Debug */ = {
			isa = XCBuildConfiguration;
			buildSettings = {
				ALWAYS_SEARCH_USER_PATHS = NO;
				CLANG_CXX_LANGUAGE_STANDARD = "gnu++0x";
				CLANG_CXX_LIBRARY = "libc++";
				CLANG_ENABLE_OBJC_ARC = YES;
				CLANG_WARN_CONSTANT_CONVERSION = YES;
				CLANG_WARN_EMPTY_BODY = YES;
				CLANG_WARN_ENUM_CONVERSION = YES;
				CLANG_WARN_INT_CONVERSION = YES;
				CLANG_WARN__DUPLICATE_METHOD_MATCH = YES;
				"CODE_SIGN_IDENTITY[sdk=iphoneos*]" = "iPhone Developer";
				COPY_PHASE_STRIP = NO;
				GCC_C_LANGUAGE_STANDARD = gnu99;
				GCC_DYNAMIC_NO_PIC = NO;
				GCC_OPTIMIZATION_LEVEL = 0;
				GCC_PREPROCESSOR_DEFINITIONS = (
					"DEBUG=1",
					"$(inherited)",
				);
				GCC_SYMBOLS_PRIVATE_EXTERN = NO;
				GCC_WARN_ABOUT_RETURN_TYPE = YES;
				GCC_WARN_UNINITIALIZED_AUTOS = YES;
				GCC_WARN_UNUSED_VARIABLE = YES;
				IPHONEOS_DEPLOYMENT_TARGET = 6.1;
				ONLY_ACTIVE_ARCH = YES;
				SDKROOT = iphoneos;
			};
			name = Debug;
		};
		F02BB23316E847B400E3D502 /* Release */ = {
			isa = XCBuildConfiguration;
			buildSettings = {
				ALWAYS_SEARCH_USER_PATHS = NO;
				CLANG_CXX_LANGUAGE_STANDARD = "gnu++0x";
				CLANG_CXX_LIBRARY = "libc++";
				CLANG_ENABLE_OBJC_ARC = YES;
				CLANG_WARN_CONSTANT_CONVERSION = YES;
				CLANG_WARN_EMPTY_BODY = YES;
				CLANG_WARN_ENUM_CONVERSION = YES;
				CLANG_WARN_INT_CONVERSION = YES;
				CLANG_WARN__DUPLICATE_METHOD_MATCH = YES;
				"CODE_SIGN_IDENTITY[sdk=iphoneos*]" = "iPhone Developer";
				COPY_PHASE_STRIP = YES;
				GCC_C_LANGUAGE_STANDARD = gnu99;
				GCC_WARN_ABOUT_RETURN_TYPE = YES;
				GCC_WARN_UNINITIALIZED_AUTOS = YES;
				GCC_WARN_UNUSED_VARIABLE = YES;
				IPHONEOS_DEPLOYMENT_TARGET = 6.1;
				OTHER_CFLAGS = "-DNS_BLOCK_ASSERTIONS=1";
				SDKROOT = iphoneos;
				VALIDATE_PRODUCT = YES;
			};
			name = Release;
		};
		F02BB23516E847B400E3D502 /* Debug */ = {
			isa = XCBuildConfiguration;
			buildSettings = {
				GCC_PRECOMPILE_PREFIX_HEADER = YES;
				GCC_PREFIX_HEADER = "IntroductionExample/IntroductionExample-Prefix.pch";
				INFOPLIST_FILE = "IntroductionExample/IntroductionExample-Info.plist";
				IPHONEOS_DEPLOYMENT_TARGET = 6.1;
				PRODUCT_NAME = "$(TARGET_NAME)";
				TARGETED_DEVICE_FAMILY = "1,2";
				WRAPPER_EXTENSION = app;
			};
			name = Debug;
		};
		F02BB23616E847B400E3D502 /* Release */ = {
			isa = XCBuildConfiguration;
			buildSettings = {
				GCC_PRECOMPILE_PREFIX_HEADER = YES;
				GCC_PREFIX_HEADER = "IntroductionExample/IntroductionExample-Prefix.pch";
				INFOPLIST_FILE = "IntroductionExample/IntroductionExample-Info.plist";
				IPHONEOS_DEPLOYMENT_TARGET = 6.1;
				PRODUCT_NAME = "$(TARGET_NAME)";
				TARGETED_DEVICE_FAMILY = "1,2";
				WRAPPER_EXTENSION = app;
			};
			name = Release;
		};
/* End XCBuildConfiguration section */

/* Begin XCConfigurationList section */
		F02BB20C16E847B400E3D502 /* Build configuration list for PBXProject "IntroductionExample" */ = {
			isa = XCConfigurationList;
			buildConfigurations = (
				F02BB23216E847B400E3D502 /* Debug */,
				F02BB23316E847B400E3D502 /* Release */,
			);
			defaultConfigurationIsVisible = 0;
			defaultConfigurationName = Release;
		};
		F02BB23416E847B400E3D502 /* Build configuration list for PBXNativeTarget "IntroductionExample" */ = {
			isa = XCConfigurationList;
			buildConfigurations = (
				F02BB23516E847B400E3D502 /* Debug */,
				F02BB23616E847B400E3D502 /* Release */,
			);
			defaultConfigurationIsVisible = 0;
			defaultConfigurationName = Release;
		};
/* End XCConfigurationList section */
	};
	rootObject = F02BB20916E847B400E3D502 /* Project object */;
}
